{
  "name": "frontend-standard-engine",
  "version": "1.0.0",
  "lockfileVersion": 3,
  "requires": true,
  "packages": {
    "": {
      "name": "frontend-standard-engine",
      "version": "1.0.0",
      "license": "MIT"
    },
    "packages/create-husky": {
      "name": "@frontend-standard-engine/create-husky",
      "version": "1.0.0",
      "extraneous": true,
      "license": "MIT",
      "dependencies": {
        "js-beautify": "^1.14.9",
        "kolorist": "^1.8.0",
        "nanospinner": "^1.1.0",
        "prompts": "^2.4.2"
      },
      "bin": {
        "create-husky": "index.js"
      },
      "engines": {
        "node": "^14.18.0 || >=16.0.0"
      }
    }
  }
}
